
Microsoft Visual Studio Solution File, Format Version 12.00
# Visual Studio 14
VisualStudioVersion = 14.0.23107.0
MinimumVisualStudioVersion = 10.0.40219.1
Project("{FAE04EC0-301F-11D3-BF4B-00C04F79EFBC}") = "beernobeer", "beernobeer\beernobeer.csproj", "{57CC5A13-8E39-4A4F-99AC-F1FCCC63F80D}"
EndProject
Project("{FAE04EC0-301F-11D3-BF4B-00C04F79EFBC}") = "beernobeer.Tests", "beernobeer.Tests\beernobeer.Tests.csproj", "{3A5E389B-B5D9-4045-86A9-E1E233756868}"
EndProject
Global
	GlobalSection(SolutionConfigurationPlatforms) = preSolution
		Debug|Any CPU = Debug|Any CPU
		Release|Any CPU = Release|Any CPU
	EndGlobalSection
	GlobalSection(ProjectConfigurationPlatforms) = postSolution
		{57CC5A13-8E39-4A4F-99AC-F1FCCC63F80D}.Debug|Any CPU.ActiveCfg = Debug|Any CPU
		{57CC5A13-8E39-4A4F-99AC-F1FCCC63F80D}.Debug|Any CPU.Build.0 = Debug|Any CPU
		{57CC5A13-8E39-4A4F-99AC-F1FCCC63F80D}.Release|Any CPU.ActiveCfg = Release|Any CPU
		{57CC5A13-8E39-4A4F-99AC-F1FCCC63F80D}.Release|Any CPU.Build.0 = Release|Any CPU
		{3A5E389B-B5D9-4045-86A9-E1E233756868}.Debug|Any CPU.ActiveCfg = Debug|Any CPU
		{3A5E389B-B5D9-4045-86A9-E1E233756868}.Debug|Any CPU.Build.0 = Debug|Any CPU
		{3A5E389B-B5D9-4045-86A9-E1E233756868}.Release|Any CPU.ActiveCfg = Release|Any CPU
		{3A5E389B-B5D9-4045-86A9-E1E233756868}.Release|Any CPU.Build.0 = Release|Any CPU
	EndGlobalSection
	GlobalSection(SolutionProperties) = preSolution
		HideSolutionNode = FALSE
	EndGlobalSection
EndGlobal
